
Microsoft Visual Studio Solution File, Format Version 12.00
# Visual Studio Version 17
VisualStudioVersion = 17.11.35312.102
MinimumVisualStudioVersion = 10.0.40219.1
Project("{FAE04EC0-301F-11D3-BF4B-00C04F79EFBC}") = "Logisitca.API", "Logisitca.API\Logisitca.API.csproj", "{F34A25B6-811B-46A4-AE81-7923AA690B86}"
EndProject
Global
	GlobalSection(SolutionConfigurationPlatforms) = preSolution
		Debug|Any CPU = Debug|Any CPU
		Release|Any CPU = Release|Any CPU
	EndGlobalSection
	GlobalSection(ProjectConfigurationPlatforms) = postSolution
		{F34A25B6-811B-46A4-AE81-7923AA690B86}.Debug|Any CPU.ActiveCfg = Debug|Any CPU
		{F34A25B6-811B-46A4-AE81-7923AA690B86}.Debug|Any CPU.Build.0 = Debug|Any CPU
		{F34A25B6-811B-46A4-AE81-7923AA690B86}.Release|Any CPU.ActiveCfg = Release|Any CPU
		{F34A25B6-811B-46A4-AE81-7923AA690B86}.Release|Any CPU.Build.0 = Release|Any CPU
	EndGlobalSection
	GlobalSection(SolutionProperties) = preSolution
		HideSolutionNode = FALSE
	EndGlobalSection
	GlobalSection(ExtensibilityGlobals) = postSolution
		SolutionGuid = {8C9FBC4C-E89E-477D-84D0-1A3B651B96D6}
	EndGlobalSection
EndGlobal
